
Microsoft Visual Studio Solution File, Format Version 12.00
# Visual Studio Version 16
VisualStudioVersion = 16.0.30611.23
MinimumVisualStudioVersion = 10.0.40219.1
Project("{8BC9CEB8-8B4A-11D0-8D11-00A0C91BC942}") = "Asteroids", "Asteroids\Asteroids.vcxproj", "{1EBA3E9B-596C-46EF-8F4A-C873348B4B61}"
EndProject
Global
	GlobalSection(SolutionConfigurationPlatforms) = preSolution
		Debug|x64 = Debug|x64
		Debug|x86 = Debug|x86
		Release|x64 = Release|x64
		Release|x86 = Release|x86
	EndGlobalSection
	GlobalSection(ProjectConfigurationPlatforms) = postSolution
		{1EBA3E9B-596C-46EF-8F4A-C873348B4B61}.Debug|x64.ActiveCfg = Debug|x64
		{1EBA3E9B-596C-46EF-8F4A-C873348B4B61}.Debug|x64.Build.0 = Debug|x64
		{1EBA3E9B-596C-46EF-8F4A-C873348B4B61}.Debug|x86.ActiveCfg = Debug|Win32
		{1EBA3E9B-596C-46EF-8F4A-C873348B4B61}.Debug|x86.Build.0 = Debug|Win32
		{1EBA3E9B-596C-46EF-8F4A-C873348B4B61}.Release|x64.ActiveCfg = Release|x64
		{1EBA3E9B-596C-46EF-8F4A-C873348B4B61}.Release|x64.Build.0 = Release|x64
		{1EBA3E9B-596C-46EF-8F4A-C873348B4B61}.Release|x86.ActiveCfg = Release|Win32
		{1EBA3E9B-596C-46EF-8F4A-C873348B4B61}.Release|x86.Build.0 = Release|Win32
	EndGlobalSection
	GlobalSection(SolutionProperties) = preSolution
		HideSolutionNode = FALSE
	EndGlobalSection
	GlobalSection(ExtensibilityGlobals) = postSolution
		SolutionGuid = {8F233A8A-3EA6-4E21-AE84-0D94689B416A}
	EndGlobalSection
EndGlobal
